
Microsoft Visual Studio Solution File, Format Version 12.00
# Visual Studio Version 17
VisualStudioVersion = 17.14.36121.58 d17.14
MinimumVisualStudioVersion = 10.0.40219.1
Project("{FAE04EC0-301F-11D3-BF4B-00C04F79EFBC}") = "Haihv.Elis.Tools.Export", "Haihv.Elis.Tools.Export\Haihv.Elis.Tools.Export.csproj", "{E613E939-E466-401D-AD93-3028461362C3}"
EndProject
Project("{FAE04EC0-301F-11D3-BF4B-00C04F79EFBC}") = "Haihv.Elis.Tools.Data", "Haihv.Elis.Tools.Data\Haihv.Elis.Tools.Data.csproj", "{80FED22E-DE1C-4DC2-BFAE-8A238DFC3962}"
EndProject
Global
	GlobalSection(SolutionConfigurationPlatforms) = preSolution
		Debug|Any CPU = Debug|Any CPU
		Release|Any CPU = Release|Any CPU
	EndGlobalSection
	GlobalSection(ProjectConfigurationPlatforms) = postSolution
		{E613E939-E466-401D-AD93-3028461362C3}.Debug|Any CPU.ActiveCfg = Debug|Any CPU
		{E613E939-E466-401D-AD93-3028461362C3}.Debug|Any CPU.Build.0 = Debug|Any CPU
		{E613E939-E466-401D-AD93-3028461362C3}.Release|Any CPU.ActiveCfg = Release|Any CPU
		{E613E939-E466-401D-AD93-3028461362C3}.Release|Any CPU.Build.0 = Release|Any CPU
		{80FED22E-DE1C-4DC2-BFAE-8A238DFC3962}.Debug|Any CPU.ActiveCfg = Debug|Any CPU
		{80FED22E-DE1C-4DC2-BFAE-8A238DFC3962}.Debug|Any CPU.Build.0 = Debug|Any CPU
		{80FED22E-DE1C-4DC2-BFAE-8A238DFC3962}.Release|Any CPU.ActiveCfg = Release|Any CPU
		{80FED22E-DE1C-4DC2-BFAE-8A238DFC3962}.Release|Any CPU.Build.0 = Release|Any CPU
	EndGlobalSection
	GlobalSection(SolutionProperties) = preSolution
		HideSolutionNode = FALSE
	EndGlobalSection
	GlobalSection(ExtensibilityGlobals) = postSolution
		SolutionGuid = {C9298E4E-BD65-4A01-9B42-FFB8C2C9A9C5}
	EndGlobalSection
EndGlobal
