
Microsoft Visual Studio Solution File, Format Version 12.00
# Visual Studio Version 17
VisualStudioVersion = 17.14.36127.28 d17.14
MinimumVisualStudioVersion = 10.0.40219.1
Project("{FAE04EC0-301F-11D3-BF4B-00C04F79EFBC}") = "Haihv.Elis.Tools.Data", "Haihv.Elis.Tools.Data\Haihv.Elis.Tools.Data.csproj", "{8B875C2E-2BD9-48A6-8559-3255790BF3D1}"
EndProject
Project("{FAE04EC0-301F-11D3-BF4B-00C04F79EFBC}") = "Haihv.Extensions.String", "Haihv.Extensions.String\Haihv.Extensions.String.csproj", "{28A2139B-9EB0-4666-B95C-A51E95019D6E}"
EndProject
Project("{FAE04EC0-301F-11D3-BF4B-00C04F79EFBC}") = "Haihv.Elis.Tools.Services", "Haihv.Elis.Tools.Services\Haihv.Elis.Tools.Services.csproj", "{D38FBA1E-3CC2-481A-B496-1DB4926E6324}"
EndProject
Project("{FAE04EC0-301F-11D3-BF4B-00C04F79EFBC}") = "Haihv.Elis.Tools.Maui.Services", "Haihv.Elis.Tools.Maui.Services\Haihv.Elis.Tools.Maui.Services.csproj", "{74AB269E-51A7-4F2F-A470-E49288114E8A}"
EndProject
Project("{FAE04EC0-301F-11D3-BF4B-00C04F79EFBC}") = "Haihv.Elis.Tools.Data.Extensions", "Haihv.Elis.Tools.Data.Extensions\Haihv.Elis.Tools.Data.Extensions.csproj", "{269E9096-C95A-423E-B67B-58AD965A45DA}"
EndProject
Project("{FAE04EC0-301F-11D3-BF4B-00C04F79EFBC}") = "Haihv.Elis.Tools.Maui.Extensions", "Haihv.Elis.Tools.Maui.Extensions\Haihv.Elis.Tools.Maui.Extensions.csproj", "{522C8A7B-3656-49B9-9705-6C4FF0688974}"
EndProject
Global
	GlobalSection(SolutionConfigurationPlatforms) = preSolution
		Debug|Any CPU = Debug|Any CPU
		Release|Any CPU = Release|Any CPU
	EndGlobalSection
	GlobalSection(ProjectConfigurationPlatforms) = postSolution
		{8B875C2E-2BD9-48A6-8559-3255790BF3D1}.Debug|Any CPU.ActiveCfg = Debug|Any CPU
		{8B875C2E-2BD9-48A6-8559-3255790BF3D1}.Debug|Any CPU.Build.0 = Debug|Any CPU
		{8B875C2E-2BD9-48A6-8559-3255790BF3D1}.Release|Any CPU.ActiveCfg = Release|Any CPU
		{8B875C2E-2BD9-48A6-8559-3255790BF3D1}.Release|Any CPU.Build.0 = Release|Any CPU
		{28A2139B-9EB0-4666-B95C-A51E95019D6E}.Debug|Any CPU.ActiveCfg = Debug|Any CPU
		{28A2139B-9EB0-4666-B95C-A51E95019D6E}.Debug|Any CPU.Build.0 = Debug|Any CPU
		{28A2139B-9EB0-4666-B95C-A51E95019D6E}.Release|Any CPU.ActiveCfg = Release|Any CPU
		{28A2139B-9EB0-4666-B95C-A51E95019D6E}.Release|Any CPU.Build.0 = Release|Any CPU
		{D38FBA1E-3CC2-481A-B496-1DB4926E6324}.Debug|Any CPU.ActiveCfg = Debug|Any CPU
		{D38FBA1E-3CC2-481A-B496-1DB4926E6324}.Debug|Any CPU.Build.0 = Debug|Any CPU
		{D38FBA1E-3CC2-481A-B496-1DB4926E6324}.Release|Any CPU.ActiveCfg = Release|Any CPU
		{D38FBA1E-3CC2-481A-B496-1DB4926E6324}.Release|Any CPU.Build.0 = Release|Any CPU
		{74AB269E-51A7-4F2F-A470-E49288114E8A}.Debug|Any CPU.ActiveCfg = Debug|Any CPU
		{74AB269E-51A7-4F2F-A470-E49288114E8A}.Debug|Any CPU.Build.0 = Debug|Any CPU
		{74AB269E-51A7-4F2F-A470-E49288114E8A}.Release|Any CPU.ActiveCfg = Release|Any CPU
		{74AB269E-51A7-4F2F-A470-E49288114E8A}.Release|Any CPU.Build.0 = Release|Any CPU
		{269E9096-C95A-423E-B67B-58AD965A45DA}.Debug|Any CPU.ActiveCfg = Debug|Any CPU
		{269E9096-C95A-423E-B67B-58AD965A45DA}.Debug|Any CPU.Build.0 = Debug|Any CPU
		{269E9096-C95A-423E-B67B-58AD965A45DA}.Release|Any CPU.ActiveCfg = Release|Any CPU
		{269E9096-C95A-423E-B67B-58AD965A45DA}.Release|Any CPU.Build.0 = Release|Any CPU
		{522C8A7B-3656-49B9-9705-6C4FF0688974}.Debug|Any CPU.ActiveCfg = Debug|Any CPU
		{522C8A7B-3656-49B9-9705-6C4FF0688974}.Debug|Any CPU.Build.0 = Debug|Any CPU
		{522C8A7B-3656-49B9-9705-6C4FF0688974}.Release|Any CPU.ActiveCfg = Release|Any CPU
		{522C8A7B-3656-49B9-9705-6C4FF0688974}.Release|Any CPU.Build.0 = Release|Any CPU
	EndGlobalSection
	GlobalSection(SolutionProperties) = preSolution
		HideSolutionNode = FALSE
	EndGlobalSection
	GlobalSection(ExtensibilityGlobals) = postSolution
		SolutionGuid = {DBABF5F3-F685-4F49-BF46-C1F471100511}
	EndGlobalSection
EndGlobal
